
Microsoft Visual Studio Solution File, Format Version 12.00
# Visual Studio Version 17
VisualStudioVersion = 17.7.34202.233
MinimumVisualStudioVersion = 10.0.40219.1
Project("{FAE04EC0-301F-11D3-BF4B-00C04F79EFBC}") = "practica 2 unidad 4", "practica 2 unidad 4.csproj", "{534CA5E1-74C8-4178-BDFA-42C4D4A0D823}"
EndProject
Global
	GlobalSection(SolutionConfigurationPlatforms) = preSolution
		Debug|Any CPU = Debug|Any CPU
		Release|Any CPU = Release|Any CPU
	EndGlobalSection
	GlobalSection(ProjectConfigurationPlatforms) = postSolution
		{534CA5E1-74C8-4178-BDFA-42C4D4A0D823}.Debug|Any CPU.ActiveCfg = Debug|Any CPU
		{534CA5E1-74C8-4178-BDFA-42C4D4A0D823}.Debug|Any CPU.Build.0 = Debug|Any CPU
		{534CA5E1-74C8-4178-BDFA-42C4D4A0D823}.Release|Any CPU.ActiveCfg = Release|Any CPU
		{534CA5E1-74C8-4178-BDFA-42C4D4A0D823}.Release|Any CPU.Build.0 = Release|Any CPU
	EndGlobalSection
	GlobalSection(SolutionProperties) = preSolution
		HideSolutionNode = FALSE
	EndGlobalSection
	GlobalSection(ExtensibilityGlobals) = postSolution
		SolutionGuid = {4AA19D14-A43A-4DB8-96D2-2B9F2132BFB6}
	EndGlobalSection
EndGlobal
